{
  "name": "threejsdemo",
  "version": "1.0.0",
  "lockfileVersion": 1,
  "requires": true,
  "dependencies": {
    "@types/three": {
      "version": "0.129.1",
      "resolved": "https://registry.npmjs.org/@types/three/-/three-0.129.1.tgz",
      "integrity": "sha512-31VTcjAQNggIrCH9NVotTYsr5Ws/QMGGTaMK6RP3EgyzW2WEuZdm25TNidd6PJ3e4a6/hbswNacnTsjwc7ksbw=="
    }
  }
}
